hash: afc3b2a722e2d4d0ca0c3dd362263413f497901317b03f739296a3599e711bc9
updated: 2018-07-22T22:51:47.916802478-07:00
imports:
- name: github.com/asaskevich/govalidator
  version: f9ffefc3facfbe0caee3fea233cbb6e8208f4541
- name: github.com/boltdb/bolt
  version: fd01fc79c553a8e99d512a07e8e0c63d4a3ccfc5
- name: github.com/Bullpeen/infobot
  version: 32d97d2e9458829e4e64c54aab50ce3a76d23c3b
- name: github.com/Bullpeen/stox
  version: 8c8d6b65076e850f6184f7ad18e73e5066f00ee9
- name: github.com/cenkalti/backoff
  version: f756bc9a37f808627c8c1b26d2d6ea40c468440b
- name: github.com/cmckee-dev/go-alpha-vantage
  version: 93e1d00e7e7c80e876492edbfc1a808c0b0af638
- name: github.com/dghubble/go-twitter
  version: b77318be397b2373226c0d80337213103b853637
  subpackages:
  - twitter
- name: github.com/dghubble/oauth1
  version: c0a405baf29f5ed2616bc1ef6b778532c960aa5b
- name: github.com/dghubble/sling
  version: c519674860ff275e0ceb12caf5d87b31765c4e71
- name: github.com/fogleman/gg
  version: a9ff18eccd6d57b3c8576a71a91a04868f62078c
- name: github.com/go-openapi/analysis
  version: 3c8fe72ed5d307113ef76c7c3035964d7e4d4b73
- name: github.com/go-openapi/errors
  version: b2b2befaf267d082d779bcef52d682a47c779517
- name: github.com/go-openapi/jsonpointer
  version: 3a0015ad55fa9873f41605d3e8f28cd279c32ab2
- name: github.com/go-openapi/jsonreference
  version: 3fb327e6747da3043567ee86abd02bb6376b6be2
- name: github.com/go-openapi/loads
  version: 2a2b323bab96e6b1fdee110e57d959322446e9c9
- name: github.com/go-openapi/runtime
  version: 9a3091f566c0811ef4d54b535179bc0fc484a11f
  subpackages:
  - client
  - logger
  - middleware
  - middleware/denco
  - middleware/header
  - middleware/untyped
  - security
- name: github.com/go-openapi/spec
  version: bce47c9386f9ecd6b86f450478a80103c3fe1402
- name: github.com/go-openapi/strfmt
  version: 913ee058e387ac83a67e2d9f13acecdcd5769fc6
- name: github.com/go-openapi/swag
  version: becd2f08beafcca035645a8a101e0e3e18140458
- name: github.com/go-openapi/validate
  version: 9a6e517cddf1ddd47449be5d06a6a786e51d9986
- name: github.com/golang/freetype
  version: e2365dfdc4a05e4b8299a783240d4a7d5a65d4e4
  subpackages:
  - raster
  - truetype
- name: github.com/golang/protobuf
  version: 427e165155e0a4ff5993a36657c1f733f5b0f782
  subpackages:
  - proto
- name: github.com/google/go-querystring
  version: 53e6ce116135b80d037921a7fdd5138cf32d7a8a
  subpackages:
  - query
- name: github.com/gorilla/context
  version: 08b5f424b9271eedf6f9f0ce86cb9396ed337a42
- name: github.com/gorilla/mux
  version: cb4698366aa625048f3b815af6a0dea8aef9280a
- name: github.com/gorilla/schema
  version: e0e4b92809ac79a1a465c2f626c34b121e0916bd
- name: github.com/gorilla/websocket
  version: 5ed622c449da6d44c3c8329331ff47a9e5844f71
- name: github.com/jirwin/comics
  version: 43822d8acb7c69fdf398ce7b459291b5e57414a5
  subpackages:
  - src/comics
- name: github.com/jirwin/factpacks
  version: 29b584ec6208f2964fc6097e23508905bf09bdff
- name: github.com/jirwin/gifs-quadlek
  version: d41f18edbce7c2a10f213f5d16eaa65b2abbc926
  subpackages:
  - src
- name: github.com/jirwin/ipfs-archive
  version: 813689260755b9a10dd656b50a40223ff2706308
  subpackages:
  - client/ipfs
  - models
- name: github.com/jirwin/quadlek
  version: 7ec1f5233cede2c122ca3b08cd655ba37bc217f1
  subpackages:
  - plugins/archive
  - plugins/comics
  - plugins/echo
  - plugins/eslogs
  - plugins/karma
  - plugins/nextep
  - plugins/random
  - plugins/spotify
  - plugins/twitter
  - quadlek
- name: github.com/mailru/easyjson
  version: efc7eb8984d6655c26b5c9d2e65c024e5767c37c
  subpackages:
  - buffer
  - jlexer
  - jwriter
- name: github.com/mattn/go-scan
  version: c32d62d79bafeac8906774425844a0e03470316f
- name: github.com/mitchellh/mapstructure
  version: f15292f7a699fcc1a38a80977f80a046874ba8ac
- name: github.com/morgabra/cointip
  version: d9a0663739d870b94b8b3873ba61733d2054a941
  subpackages:
  - quadlek
- name: github.com/nlopes/slack
  version: 347a74b1ea3055e8adcf17d2e14cbf3939238f6f
- name: github.com/peterhellberg/giphy
  version: 091ba7d7516de5d780c612658d3e31f12e2c6bac
- name: github.com/pkg/errors
  version: 816c9085562cd7ee03e7f8188a1cfd942858cded
- name: github.com/PuerkitoBio/purell
  version: 975f53781597ed779763b7b65566e74c4004d8de
- name: github.com/PuerkitoBio/urlesc
  version: de5bf2ad457846296e2031421a34e2568e304e35
- name: github.com/purdyk/tvdb
  version: 80f06ad52285ea31a6d45bdc1f74006bcc39d905
- name: github.com/satori/go.uuid
  version: 36e9d2ebbde5e3f13ab2e25625fd453271d6522e
- name: github.com/Sirupsen/logrus
  version: 3e01752db0189b9157070a0e1668a620f9a85da2
  repo: https://github.com/sirupsen/logrus
- name: github.com/urfave/cli
  version: 8e01ec4cd3e2d84ab2fe90d8210528ffbb06d8ff
- name: github.com/zmb3/spotify
  version: 035b08df67f491832490996ca695229413877afe
- name: golang.org/x/crypto
  version: a2144134853fc9a27a7b1e3eb4f19f1a76df13c9
  subpackages:
  - ssh/terminal
- name: golang.org/x/image
  version: c73c2afc3b812cdd6385de5a50616511c4a3d458
  subpackages:
  - draw
  - font
  - font/basicfont
  - math/f64
  - math/fixed
- name: golang.org/x/net
  version: a680a1efc54dd51c040b3b5ce4939ea3cf2ea0d1
  subpackages:
  - context
  - context/ctxhttp
  - idna
- name: golang.org/x/oauth2
  version: ef147856a6ddbb60760db74283d2424e98c87bff
  subpackages:
  - internal
- name: golang.org/x/sys
  version: ac767d655b305d4e9612f5f6e33120b9176c4ad4
  subpackages:
  - unix
  - windows
- name: golang.org/x/text
  version: 0605a8320aceb4207a5fb3521281e17ec2075476
  subpackages:
  - secure/bidirule
  - transform
  - unicode/bidi
  - unicode/norm
  - width
- name: google.golang.org/appengine
  version: b1f26356af11148e710935ed1ac8a7f5702c7612
  subpackages:
  - internal
  - internal/base
  - internal/datastore
  - internal/log
  - internal/remote_api
  - internal/urlfetch
  - urlfetch
- name: gopkg.in/mgo.v2
  version: 9856a29383ce1c59f308dd1cf0363a79b5bef6b5
  subpackages:
  - bson
  - internal/json
- name: gopkg.in/olivere/elastic.v5
  version: 52741dc2ce53629cbe1e673869040d886cba2cd5
  subpackages:
  - config
  - uritemplates
- name: gopkg.in/yaml.v2
  version: 5420a8b6744d3b0345ab293f6fcba19c978f1183
testImports: []
