hash: c90077523f733ce6f738e5abebb369e91a8e52c44f4dd48c8017be3e5f0fcc83
updated: 2018-09-20T22:57:51.561624929-07:00
imports:
- name: github.com/asaskevich/govalidator
  version: f9ffefc3facfbe0caee3fea233cbb6e8208f4541
- name: github.com/boltdb/bolt
  version: fd01fc79c553a8e99d512a07e8e0c63d4a3ccfc5
- name: github.com/Bullpeen/infobot
  version: 32d97d2e9458829e4e64c54aab50ce3a76d23c3b
- name: github.com/Bullpeen/slices
  version: 37465736d552321d176dc3878d0c1774b7fd65a3
- name: github.com/Bullpeen/stox
  version: 8c8d6b65076e850f6184f7ad18e73e5066f00ee9
- name: github.com/cenkalti/backoff
  version: b7325b0f3f1097c6546ea5e83c4a23267e58ad71
- name: github.com/cmckee-dev/go-alpha-vantage
  version: 93e1d00e7e7c80e876492edbfc1a808c0b0af638
- name: github.com/dghubble/go-twitter
  version: a34e9059cd58e96429cee9c8a87fd8d907da6843
  subpackages:
  - twitter
- name: github.com/dghubble/oauth1
  version: c0a405baf29f5ed2616bc1ef6b778532c960aa5b
- name: github.com/dghubble/sling
  version: c519674860ff275e0ceb12caf5d87b31765c4e71
- name: github.com/fogleman/gg
  version: 0e0ff3ade7039063fe954cc1b45fad6cd4ac80db
- name: github.com/go-openapi/analysis
  version: b006789cd277d4fa4d16767046d694a256c6a218
- name: github.com/go-openapi/errors
  version: 87bb653288778f8b0d922c5c3fb8b3f00a47ff28
- name: github.com/go-openapi/jsonpointer
  version: 52eb3d4b47c6a51ce2693c8e614a15a07c1af435
- name: github.com/go-openapi/jsonreference
  version: 1c6a3fa339f2743b7b0fd2b842fc455eca2fa9eb
- name: github.com/go-openapi/loads
  version: fd899182a268dcf25de088722375311d9dee2662
- name: github.com/go-openapi/runtime
  version: 4f900dc2ade947627ebfedb93970ba1529f7e118
  subpackages:
  - client
  - logger
  - middleware
  - middleware/denco
  - middleware/header
  - middleware/untyped
  - security
- name: github.com/go-openapi/spec
  version: f1468acb3b29cdd5c5f6fa29435d2d2d6e6c9ff1
- name: github.com/go-openapi/strfmt
  version: 776114108ccc228238641096ea5be3d24842d4ea
- name: github.com/go-openapi/swag
  version: dd0dad036e67ae93c27dc64337b3f76296f3a5f0
- name: github.com/go-openapi/validate
  version: e0648ff405079d973622f8b2bf739ed3a1c5cd9b
- name: github.com/golang/freetype
  version: e2365dfdc4a05e4b8299a783240d4a7d5a65d4e4
  subpackages:
  - raster
  - truetype
- name: github.com/golang/protobuf
  version: 7716a980bceefe9a0213654823d9ea62d23b87a2
  subpackages:
  - proto
- name: github.com/google/go-querystring
  version: 44c6ddd0a2342c386950e880b658017258da92fc
  subpackages:
  - query
- name: github.com/gorilla/context
  version: 08b5f424b9271eedf6f9f0ce86cb9396ed337a42
- name: github.com/gorilla/mux
  version: 9e1f5955c0d22b55d9e20d6faa28589f83b2faca
- name: github.com/gorilla/schema
  version: e0e4b92809ac79a1a465c2f626c34b121e0916bd
- name: github.com/gorilla/websocket
  version: 66b9c49e59c6c48f0ffce28c2d8b8a5678502c6d
- name: github.com/jirwin/comics
  version: 43822d8acb7c69fdf398ce7b459291b5e57414a5
  subpackages:
  - src/comics
- name: github.com/jirwin/factpacks
  version: 29b584ec6208f2964fc6097e23508905bf09bdff
- name: github.com/jirwin/gifs-quadlek
  version: 85bb51756261fec18391f47deb416edbabf4d21a
  subpackages:
  - src
- name: github.com/jirwin/ipfs-archive
  version: 813689260755b9a10dd656b50a40223ff2706308
  subpackages:
  - client/ipfs
  - models
- name: github.com/jirwin/quadlek
  version: 92fd074b9e90cbf6a042227ff93badfeee05dd8e
  subpackages:
  - plugins/archive
  - plugins/comics
  - plugins/echo
  - plugins/eslogs
  - plugins/karma
  - plugins/nextep
  - plugins/random
  - plugins/spotify
  - plugins/twitter
  - quadlek
- name: github.com/jirwin/xpost-quadlek
  version: 319004b8e32d957bc19ecae93dc1a44a6bddf8e4
  subpackages:
  - pkg
- name: github.com/konsorten/go-windows-terminal-sequences
  version: b729f2633dfe35f4d1d8a32385f6685610ce1cb5
- name: github.com/mailru/easyjson
  version: 60711f1a8329503b04e1c88535f419d0bb440bff
  subpackages:
  - buffer
  - jlexer
  - jwriter
- name: github.com/mattn/go-scan
  version: c32d62d79bafeac8906774425844a0e03470316f
- name: github.com/mitchellh/mapstructure
  version: fa473d140ef3c6adf42d6b391fe76707f1f243c8
- name: github.com/morgabra/cointip
  version: d9a0663739d870b94b8b3873ba61733d2054a941
  subpackages:
  - quadlek
- name: github.com/morgabra/libtwitch
  version: 581252704c8655342769c5a1655f0743f6e6853b
  repo: https://github.com/jirwin/libtwitch.git
  subpackages:
  - quadlek
- name: github.com/nlopes/slack
  version: 763c67d4f458f6650057afbab5d033721b2b55db
  subpackages:
  - slackutilsx
- name: github.com/peterhellberg/giphy
  version: 091ba7d7516de5d780c612658d3e31f12e2c6bac
- name: github.com/pkg/errors
  version: c059e472caf75dbe73903f6521a20abac245b17f
- name: github.com/PuerkitoBio/purell
  version: 975f53781597ed779763b7b65566e74c4004d8de
- name: github.com/PuerkitoBio/urlesc
  version: de5bf2ad457846296e2031421a34e2568e304e35
- name: github.com/purdyk/tvdb
  version: 80f06ad52285ea31a6d45bdc1f74006bcc39d905
- name: github.com/satori/go.uuid
  version: 36e9d2ebbde5e3f13ab2e25625fd453271d6522e
- name: github.com/Sirupsen/logrus
  version: 33a1e118e113c7d1dd24a80f80670864cd598519
  repo: https://github.com/sirupsen/logrus
- name: github.com/urfave/cli
  version: ab403a54a148f2d857920810291539e1f817ee7b
- name: github.com/zmb3/spotify
  version: 035b08df67f491832490996ca695229413877afe
- name: golang.org/x/crypto
  version: 0e37d006457bf46f9e6692014ba72ef82c33022c
  subpackages:
  - ssh/terminal
- name: golang.org/x/image
  version: e1a1ede6891c997b81b830dbc6f4d2850b9392a4
  subpackages:
  - draw
  - font
  - font/basicfont
  - math/f64
  - math/fixed
- name: golang.org/x/net
  version: 2f5d2388922f370f4355f327fcf4cfe9f5583908
  subpackages:
  - context
  - context/ctxhttp
  - idna
- name: golang.org/x/oauth2
  version: d2e6202438beef2727060aa7cabdd924d92ebfd9
  subpackages:
  - internal
- name: golang.org/x/sys
  version: d641721ec2dead6fe5ca284096fe4b1fcd49e427
  subpackages:
  - unix
  - windows
- name: golang.org/x/text
  version: 905a57155faa8230500121607930ebb9dd8e139c
  subpackages:
  - secure/bidirule
  - transform
  - unicode/bidi
  - unicode/norm
  - width
- name: google.golang.org/appengine
  version: ae0ab99deb4dc413a2b4bd6c8bdd0eb67f1e4d06
  subpackages:
  - internal
  - internal/base
  - internal/datastore
  - internal/log
  - internal/remote_api
  - internal/urlfetch
  - urlfetch
- name: gopkg.in/mgo.v2
  version: 9856a29383ce1c59f308dd1cf0363a79b5bef6b5
  subpackages:
  - bson
  - internal/json
- name: gopkg.in/olivere/elastic.v5
  version: fc3063a8c0686f64e94f4b2c17eb140c06eb6793
  subpackages:
  - config
  - uritemplates
- name: gopkg.in/yaml.v2
  version: 5420a8b6744d3b0345ab293f6fcba19c978f1183
testImports: []
